
Microsoft Visual Studio Solution File, Format Version 12.00
# Visual Studio Version 17
VisualStudioVersion = 17.2.32526.322
MinimumVisualStudioVersion = 10.0.40219.1
Project("{FAE04EC0-301F-11D3-BF4B-00C04F79EFBC}") = "EffundoTest", "EffundoTest\EffundoTest.csproj", "{16DCD88B-A3C6-4F50-8C59-DFF88D51F142}"
EndProject
Global
	GlobalSection(SolutionConfigurationPlatforms) = preSolution
		Debug|Any CPU = Debug|Any CPU
		Release|Any CPU = Release|Any CPU
	EndGlobalSection
	GlobalSection(ProjectConfigurationPlatforms) = postSolution
		{16DCD88B-A3C6-4F50-8C59-DFF88D51F142}.Debug|Any CPU.ActiveCfg = Debug|Any CPU
		{16DCD88B-A3C6-4F50-8C59-DFF88D51F142}.Debug|Any CPU.Build.0 = Debug|Any CPU
		{16DCD88B-A3C6-4F50-8C59-DFF88D51F142}.Release|Any CPU.ActiveCfg = Release|Any CPU
		{16DCD88B-A3C6-4F50-8C59-DFF88D51F142}.Release|Any CPU.Build.0 = Release|Any CPU
	EndGlobalSection
	GlobalSection(SolutionProperties) = preSolution
		HideSolutionNode = FALSE
	EndGlobalSection
	GlobalSection(ExtensibilityGlobals) = postSolution
		SolutionGuid = {5242374D-E90C-4F5A-B02B-A5B7FE248746}
	EndGlobalSection
EndGlobal
